// !$*UTF8*$!
{
	archiveVersion = 1;
	classes = {
	};
	objectVersion = 50;
	objects = {

/* Begin PBXBuildFile section */
		2005542A2222A84E00DCFA33 /* Scroll.swift in Sources */ = {isa = PBXBuildFile; fileRef = 200554292222A84E00DCFA33 /* Scroll.swift */; };
		201B44DC2224092400BAB6E4 /* User.swift in Sources */ = {isa = PBXBuildFile; fileRef = 201B44DB2224092400BAB6E4 /* User.swift */; };
		201E3D272223D342001EE246 /* Side.swift in Sources */ = {isa = PBXBuildFile; fileRef = 201E3D262223D342001EE246 /* Side.swift */; };
		201E3D292223E290001EE246 /* Label.swift in Sources */ = {isa = PBXBuildFile; fileRef = 201E3D282223E290001EE246 /* Label.swift */; };
		201E3D2C2223E352001EE246 /* Localizable.strings in Resources */ = {isa = PBXBuildFile; fileRef = 201E3D2A2223E352001EE246 /* Localizable.strings */; };
		201E3D2E2223E37A001EE246 /* Shared.swift in Sources */ = {isa = PBXBuildFile; fileRef = 201E3D2D2223E37A001EE246 /* Shared.swift */; };
		201E3D302223E5A9001EE246 /* Assets.xcassets in Resources */ = {isa = PBXBuildFile; fileRef = 201E3D2F2223E5A9001EE246 /* Assets.xcassets */; };
		201E3D322223E5FB001EE246 /* Button.swift in Sources */ = {isa = PBXBuildFile; fileRef = 201E3D312223E5FB001EE246 /* Button.swift */; };
		201E3D342223F0AB001EE246 /* Link.swift in Sources */ = {isa = PBXBuildFile; fileRef = 201E3D332223F0AB001EE246 /* Link.swift */; };
		20498A272220388800DB4D71 /* Mac.storyboard in Resources */ = {isa = PBXBuildFile; fileRef = 20498A242220388800DB4D71 /* Mac.storyboard */; };
		20498A292220388800DB4D71 /* App.swift in Sources */ = {isa = PBXBuildFile; fileRef = 20498A262220388800DB4D71 /* App.swift */; };
		20498A2C22203C2500DB4D71 /* Extensions.swift in Sources */ = {isa = PBXBuildFile; fileRef = 20498A2B22203C2500DB4D71 /* Extensions.swift */; };
		20498A2E22203C6700DB4D71 /* Text.swift in Sources */ = {isa = PBXBuildFile; fileRef = 20498A2D22203C6700DB4D71 /* Text.swift */; };
		20498A3022203C8C00DB4D71 /* Storage.swift in Sources */ = {isa = PBXBuildFile; fileRef = 20498A2F22203C8C00DB4D71 /* Storage.swift */; };
		20498A3222203C9F00DB4D71 /* Layout.swift in Sources */ = {isa = PBXBuildFile; fileRef = 20498A3122203C9F00DB4D71 /* Layout.swift */; };
		20498A3622203CCE00DB4D71 /* SFMono-Light.otf in Resources */ = {isa = PBXBuildFile; fileRef = 20498A3422203CCE00DB4D71 /* SFMono-Light.otf */; };
		20498A3722203CCE00DB4D71 /* SFMono-Bold.otf in Resources */ = {isa = PBXBuildFile; fileRef = 20498A3522203CCE00DB4D71 /* SFMono-Bold.otf */; };
		2078E78522252FDA0056C8D1 /* Document.swift in Sources */ = {isa = PBXBuildFile; fileRef = 2078E78422252FDA0056C8D1 /* Document.swift */; };
		2078E787222530CE0056C8D1 /* TestDocument.swift in Sources */ = {isa = PBXBuildFile; fileRef = 2078E786222530CE0056C8D1 /* TestDocument.swift */; };
		2078E789222531910056C8D1 /* Directory.swift in Sources */ = {isa = PBXBuildFile; fileRef = 2078E788222531910056C8D1 /* Directory.swift */; };
		2078E78B222539D20056C8D1 /* Md.swift in Sources */ = {isa = PBXBuildFile; fileRef = 2078E78A222539D20056C8D1 /* Md.swift */; };
		208CB035222404A700787DAA /* TestUser.swift in Sources */ = {isa = PBXBuildFile; fileRef = 208CB034222404A700787DAA /* TestUser.swift */; };
		208CB037222404A700787DAA /* libLibrary.a in Frameworks */ = {isa = PBXBuildFile; fileRef = 208CB0232224047300787DAA /* libLibrary.a */; };
		208CB03F2224081800787DAA /* libLibrary.a in Frameworks */ = {isa = PBXBuildFile; fileRef = 208CB0232224047300787DAA /* libLibrary.a */; };
		2097FCC0222199A500C2FC5E /* Ruler.swift in Sources */ = {isa = PBXBuildFile; fileRef = 2097FCBF222199A500C2FC5E /* Ruler.swift */; };
		20B2F4F222240C110043D283 /* Storage.swift in Sources */ = {isa = PBXBuildFile; fileRef = 20B2F4F122240C110043D283 /* Storage.swift */; };
		20B2F4F422240E1E0043D283 /* TestStorage.swift in Sources */ = {isa = PBXBuildFile; fileRef = 20B2F4F322240E1E0043D283 /* TestStorage.swift */; };
		20B2F4F6222420840043D283 /* Document.swift in Sources */ = {isa = PBXBuildFile; fileRef = 20B2F4F5222420840043D283 /* Document.swift */; };
		20C6222E22267FCB00BDC6C1 /* Settings.swift in Sources */ = {isa = PBXBuildFile; fileRef = 20C6222C22267F6A00BDC6C1 /* Settings.swift */; };
		20C622302226929200BDC6C1 /* Folder.swift in Sources */ = {isa = PBXBuildFile; fileRef = 20C6222F2226929200BDC6C1 /* Folder.swift */; };
/* End PBXBuildFile section */

/* Begin PBXContainerItemProxy section */
		208CB038222404A700787DAA /* PBXContainerItemProxy */ = {
			isa = PBXContainerItemProxy;
			containerPortal = 20498A042220378800DB4D71 /* Project object */;
			proxyType = 1;
			remoteGlobalIDString = 208CB0222224047300787DAA;
			remoteInfo = Library;
		};
/* End PBXContainerItemProxy section */

/* Begin PBXFileReference section */
		200554292222A84E00DCFA33 /* Scroll.swift */ = {isa = PBXFileReference; lastKnownFileType = sourcecode.swift; path = Scroll.swift; sourceTree = "<group>"; };
		201B44DB2224092400BAB6E4 /* User.swift */ = {isa = PBXFileReference; fileEncoding = 4; lastKnownFileType = sourcecode.swift; path = User.swift; sourceTree = "<group>"; };
		201E3D262223D342001EE246 /* Side.swift */ = {isa = PBXFileReference; lastKnownFileType = sourcecode.swift; path = Side.swift; sourceTree = "<group>"; };
		201E3D282223E290001EE246 /* Label.swift */ = {isa = PBXFileReference; lastKnownFileType = sourcecode.swift; path = Label.swift; sourceTree = "<group>"; };
		201E3D2B2223E352001EE246 /* en */ = {isa = PBXFileReference; lastKnownFileType = text.plist.strings; name = en; path = en.lproj/Localizable.strings; sourceTree = "<group>"; };
		201E3D2D2223E37A001EE246 /* Shared.swift */ = {isa = PBXFileReference; lastKnownFileType = sourcecode.swift; path = Shared.swift; sourceTree = "<group>"; };
		201E3D2F2223E5A9001EE246 /* Assets.xcassets */ = {isa = PBXFileReference; lastKnownFileType = folder.assetcatalog; path = Assets.xcassets; sourceTree = "<group>"; };
		201E3D312223E5FB001EE246 /* Button.swift */ = {isa = PBXFileReference; lastKnownFileType = sourcecode.swift; path = Button.swift; sourceTree = "<group>"; };
		201E3D332223F0AB001EE246 /* Link.swift */ = {isa = PBXFileReference; lastKnownFileType = sourcecode.swift; path = Link.swift; sourceTree = "<group>"; };
		20498A1F2220387400DB4D71 /* README.md */ = {isa = PBXFileReference; lastKnownFileType = net.daringfireball.markdown; path = README.md; sourceTree = "<group>"; };
		20498A202220387400DB4D71 /* LICENSE */ = {isa = PBXFileReference; lastKnownFileType = text; path = LICENSE; sourceTree = "<group>"; };
		20498A212220387400DB4D71 /* .gitignore */ = {isa = PBXFileReference; lastKnownFileType = text; path = .gitignore; sourceTree = "<group>"; };
		20498A232220388800DB4D71 /* Mac.entitlements */ = {isa = PBXFileReference; fileEncoding = 4; lastKnownFileType = text.plist.entitlements; path = Mac.entitlements; sourceTree = "<group>"; };
		20498A242220388800DB4D71 /* Mac.storyboard */ = {isa = PBXFileReference; fileEncoding = 4; lastKnownFileType = file.storyboard; path = Mac.storyboard; sourceTree = "<group>"; };
		20498A252220388800DB4D71 /* Mac.plist */ = {isa = PBXFileReference; fileEncoding = 4; lastKnownFileType = text.plist.xml; path = Mac.plist; sourceTree = "<group>"; };
		20498A262220388800DB4D71 /* App.swift */ = {isa = PBXFileReference; fileEncoding = 4; lastKnownFileType = sourcecode.swift; path = App.swift; sourceTree = "<group>"; };
		20498A2A2220389500DB4D71 /* TCR.app */ = {isa = PBXFileReference; explicitFileType = wrapper.application; includeInIndex = 0; path = TCR.app; sourceTree = BUILT_PRODUCTS_DIR; };
		20498A2B22203C2500DB4D71 /* Extensions.swift */ = {isa = PBXFileReference; lastKnownFileType = sourcecode.swift; path = Extensions.swift; sourceTree = "<group>"; };
		20498A2D22203C6700DB4D71 /* Text.swift */ = {isa = PBXFileReference; lastKnownFileType = sourcecode.swift; path = Text.swift; sourceTree = "<group>"; };
		20498A2F22203C8C00DB4D71 /* Storage.swift */ = {isa = PBXFileReference; lastKnownFileType = sourcecode.swift; path = Storage.swift; sourceTree = "<group>"; };
		20498A3122203C9F00DB4D71 /* Layout.swift */ = {isa = PBXFileReference; lastKnownFileType = sourcecode.swift; path = Layout.swift; sourceTree = "<group>"; };
		20498A3422203CCE00DB4D71 /* SFMono-Light.otf */ = {isa = PBXFileReference; lastKnownFileType = file; path = "SFMono-Light.otf"; sourceTree = "<group>"; };
		20498A3522203CCE00DB4D71 /* SFMono-Bold.otf */ = {isa = PBXFileReference; lastKnownFileType = file; path = "SFMono-Bold.otf"; sourceTree = "<group>"; };
		2078E78422252FDA0056C8D1 /* Document.swift */ = {isa = PBXFileReference; lastKnownFileType = sourcecode.swift; path = Document.swift; sourceTree = "<group>"; };
		2078E786222530CE0056C8D1 /* TestDocument.swift */ = {isa = PBXFileReference; lastKnownFileType = sourcecode.swift; path = TestDocument.swift; sourceTree = "<group>"; };
		2078E788222531910056C8D1 /* Directory.swift */ = {isa = PBXFileReference; lastKnownFileType = sourcecode.swift; path = Directory.swift; sourceTree = "<group>"; };
		2078E78A222539D20056C8D1 /* Md.swift */ = {isa = PBXFileReference; lastKnownFileType = sourcecode.swift; path = Md.swift; sourceTree = "<group>"; };
		208CB0232224047300787DAA /* libLibrary.a */ = {isa = PBXFileReference; explicitFileType = archive.ar; includeInIndex = 0; path = libLibrary.a; sourceTree = BUILT_PRODUCTS_DIR; };
		208CB032222404A700787DAA /* Tests.xctest */ = {isa = PBXFileReference; explicitFileType = wrapper.cfbundle; includeInIndex = 0; path = Tests.xctest; sourceTree = BUILT_PRODUCTS_DIR; };
		208CB034222404A700787DAA /* TestUser.swift */ = {isa = PBXFileReference; lastKnownFileType = sourcecode.swift; path = TestUser.swift; sourceTree = "<group>"; };
		208CB036222404A700787DAA /* Tests.plist */ = {isa = PBXFileReference; lastKnownFileType = text.plist.xml; path = Tests.plist; sourceTree = "<group>"; };
		2097FCBF222199A500C2FC5E /* Ruler.swift */ = {isa = PBXFileReference; lastKnownFileType = sourcecode.swift; path = Ruler.swift; sourceTree = "<group>"; };
		20B2F4F122240C110043D283 /* Storage.swift */ = {isa = PBXFileReference; lastKnownFileType = sourcecode.swift; path = Storage.swift; sourceTree = "<group>"; };
		20B2F4F322240E1E0043D283 /* TestStorage.swift */ = {isa = PBXFileReference; lastKnownFileType = sourcecode.swift; path = TestStorage.swift; sourceTree = "<group>"; };
		20B2F4F5222420840043D283 /* Document.swift */ = {isa = PBXFileReference; lastKnownFileType = sourcecode.swift; path = Document.swift; sourceTree = "<group>"; };
		20C6222C22267F6A00BDC6C1 /* Settings.swift */ = {isa = PBXFileReference; lastKnownFileType = sourcecode.swift; path = Settings.swift; sourceTree = "<group>"; };
		20C6222F2226929200BDC6C1 /* Folder.swift */ = {isa = PBXFileReference; lastKnownFileType = sourcecode.swift; path = Folder.swift; sourceTree = "<group>"; };
/* End PBXFileReference section */

/* Begin PBXFrameworksBuildPhase section */
		20498A092220378800DB4D71 /* Frameworks */ = {
			isa = PBXFrameworksBuildPhase;
			buildActionMask = 2147483647;
			files = (
				208CB03F2224081800787DAA /* libLibrary.a in Frameworks */,
			);
			runOnlyForDeploymentPostprocessing = 0;
		};
		208CB0212224047300787DAA /* Frameworks */ = {
			isa = PBXFrameworksBuildPhase;
			buildActionMask = 2147483647;
			files = (
			);
			runOnlyForDeploymentPostprocessing = 0;
		};
		208CB02F222404A700787DAA /* Frameworks */ = {
			isa = PBXFrameworksBuildPhase;
			buildActionMask = 2147483647;
			files = (
				208CB037222404A700787DAA /* libLibrary.a in Frameworks */,
			);
			runOnlyForDeploymentPostprocessing = 0;
		};
/* End PBXFrameworksBuildPhase section */

/* Begin PBXGroup section */
		201B44DA2224092400BAB6E4 /* Library */ = {
			isa = PBXGroup;
			children = (
				2078E788222531910056C8D1 /* Directory.swift */,
				2078E78422252FDA0056C8D1 /* Document.swift */,
				20C6222F2226929200BDC6C1 /* Folder.swift */,
				2078E78A222539D20056C8D1 /* Md.swift */,
				20B2F4F122240C110043D283 /* Storage.swift */,
				201B44DB2224092400BAB6E4 /* User.swift */,
			);
			path = Library;
			sourceTree = "<group>";
		};
		20498A032220378800DB4D71 = {
			isa = PBXGroup;
			children = (
				20498A212220387400DB4D71 /* .gitignore */,
				20498A202220387400DB4D71 /* LICENSE */,
				208CB0232224047300787DAA /* libLibrary.a */,
				20498A2A2220389500DB4D71 /* TCR.app */,
				20498A1F2220387400DB4D71 /* README.md */,
				208CB032222404A700787DAA /* Tests.xctest */,
				208CB03E2224081800787DAA /* Frameworks */,
				201B44DA2224092400BAB6E4 /* Library */,
				20498A222220388800DB4D71 /* Mac */,
				20498A3322203CCE00DB4D71 /* Shared */,
				208CB033222404A700787DAA /* Tests */,
			);
			sourceTree = "<group>";
		};
		20498A222220388800DB4D71 /* Mac */ = {
			isa = PBXGroup;
			children = (
				20498A232220388800DB4D71 /* Mac.entitlements */,
				20498A252220388800DB4D71 /* Mac.plist */,
				20498A242220388800DB4D71 /* Mac.storyboard */,
				20498A262220388800DB4D71 /* App.swift */,
				201E3D312223E5FB001EE246 /* Button.swift */,
				20B2F4F5222420840043D283 /* Document.swift */,
				20498A2B22203C2500DB4D71 /* Extensions.swift */,
				201E3D282223E290001EE246 /* Label.swift */,
				20498A3122203C9F00DB4D71 /* Layout.swift */,
				201E3D332223F0AB001EE246 /* Link.swift */,
				2097FCBF222199A500C2FC5E /* Ruler.swift */,
				200554292222A84E00DCFA33 /* Scroll.swift */,
				20C6222C22267F6A00BDC6C1 /* Settings.swift */,
				201E3D262223D342001EE246 /* Side.swift */,
				20498A2F22203C8C00DB4D71 /* Storage.swift */,
				20498A2D22203C6700DB4D71 /* Text.swift */,
			);
			path = Mac;
			sourceTree = "<group>";
		};
		20498A3322203CCE00DB4D71 /* Shared */ = {
			isa = PBXGroup;
			children = (
				20498A3522203CCE00DB4D71 /* SFMono-Bold.otf */,
				20498A3422203CCE00DB4D71 /* SFMono-Light.otf */,
				201E3D2D2223E37A001EE246 /* Shared.swift */,
				201E3D2F2223E5A9001EE246 /* Assets.xcassets */,
				201E3D2A2223E352001EE246 /* Localizable.strings */,
			);
			path = Shared;
			sourceTree = "<group>";
		};
		208CB033222404A700787DAA /* Tests */ = {
			isa = PBXGroup;
			children = (
				208CB036222404A700787DAA /* Tests.plist */,
				2078E786222530CE0056C8D1 /* TestDocument.swift */,
				20B2F4F322240E1E0043D283 /* TestStorage.swift */,
				208CB034222404A700787DAA /* TestUser.swift */,
			);
			path = Tests;
			sourceTree = "<group>";
		};
		208CB03E2224081800787DAA /* Frameworks */ = {
			isa = PBXGroup;
			children = (
			);
			name = Frameworks;
			sourceTree = "<group>";
		};
/* End PBXGroup section */

/* Begin PBXHeadersBuildPhase section */
		208CB01F2224047300787DAA /* Headers */ = {
			isa = PBXHeadersBuildPhase;
			buildActionMask = 2147483647;
			files = (
			);
			runOnlyForDeploymentPostprocessing = 0;
		};
/* End PBXHeadersBuildPhase section */

/* Begin PBXNativeTarget section */
		20498A0B2220378800DB4D71 /* TCR */ = {
			isa = PBXNativeTarget;
			buildConfigurationList = 20498A1C2220378A00DB4D71 /* Build configuration list for PBXNativeTarget "TCR" */;
			buildPhases = (
				20498A082220378800DB4D71 /* Sources */,
				20498A092220378800DB4D71 /* Frameworks */,
				20498A0A2220378800DB4D71 /* Resources */,
			);
			buildRules = (
			);
			dependencies = (
			);
			name = TCR;
			productName = TCR;
			productReference = 20498A2A2220389500DB4D71 /* TCR.app */;
			productType = "com.apple.product-type.application";
		};
		208CB0222224047300787DAA /* Library */ = {
			isa = PBXNativeTarget;
			buildConfigurationList = 208CB0292224047300787DAA /* Build configuration list for PBXNativeTarget "Library" */;
			buildPhases = (
				208CB01F2224047300787DAA /* Headers */,
				208CB0202224047300787DAA /* Sources */,
				208CB0212224047300787DAA /* Frameworks */,
			);
			buildRules = (
			);
			dependencies = (
			);
			name = Library;
			productName = Library;
			productReference = 208CB0232224047300787DAA /* libLibrary.a */;
			productType = "com.apple.product-type.library.static";
		};
		208CB031222404A700787DAA /* Tests */ = {
			isa = PBXNativeTarget;
			buildConfigurationList = 208CB03A222404A700787DAA /* Build configuration list for PBXNativeTarget "Tests" */;
			buildPhases = (
				208CB02E222404A700787DAA /* Sources */,
				208CB02F222404A700787DAA /* Frameworks */,
				208CB030222404A700787DAA /* Resources */,
			);
			buildRules = (
			);
			dependencies = (
				208CB039222404A700787DAA /* PBXTargetDependency */,
			);
			name = Tests;
			productName = Tests;
			productReference = 208CB032222404A700787DAA /* Tests.xctest */;
			productType = "com.apple.product-type.bundle.unit-test";
		};
/* End PBXNativeTarget section */

/* Begin PBXProject section */
		20498A042220378800DB4D71 /* Project object */ = {
			isa = PBXProject;
			attributes = {
				LastSwiftUpdateCheck = 1010;
				LastUpgradeCheck = 1010;
				ORGANIZATIONNAME = TCR;
				TargetAttributes = {
					20498A0B2220378800DB4D71 = {
						CreatedOnToolsVersion = 10.1;
						SystemCapabilities = {
							com.apple.Sandbox = {
								enabled = 1;
							};
						};
					};
					208CB0222224047300787DAA = {
						CreatedOnToolsVersion = 10.1;
						LastSwiftMigration = 1010;
					};
					208CB031222404A700787DAA = {
						CreatedOnToolsVersion = 10.1;
					};
				};
			};
			buildConfigurationList = 20498A072220378800DB4D71 /* Build configuration list for PBXProject "TCR" */;
			compatibilityVersion = "Xcode 9.3";
			developmentRegion = en;
			hasScannedForEncodings = 0;
			knownRegions = (
				en,
			);
			mainGroup = 20498A032220378800DB4D71;
			productRefGroup = 20498A032220378800DB4D71;
			projectDirPath = "";
			projectRoot = "";
			targets = (
				208CB0222224047300787DAA /* Library */,
				208CB031222404A700787DAA /* Tests */,
				20498A0B2220378800DB4D71 /* TCR */,
			);
		};
/* End PBXProject section */

/* Begin PBXResourcesBuildPhase section */
		20498A0A2220378800DB4D71 /* Resources */ = {
			isa = PBXResourcesBuildPhase;
			buildActionMask = 2147483647;
			files = (
				20498A3622203CCE00DB4D71 /* SFMono-Light.otf in Resources */,
				201E3D2C2223E352001EE246 /* Localizable.strings in Resources */,
				20498A272220388800DB4D71 /* Mac.storyboard in Resources */,
				20498A3722203CCE00DB4D71 /* SFMono-Bold.otf in Resources */,
				201E3D302223E5A9001EE246 /* Assets.xcassets in Resources */,
			);
			runOnlyForDeploymentPostprocessing = 0;
		};
		208CB030222404A700787DAA /* Resources */ = {
			isa = PBXResourcesBuildPhase;
			buildActionMask = 2147483647;
			files = (
			);
			runOnlyForDeploymentPostprocessing = 0;
		};
/* End PBXResourcesBuildPhase section */

/* Begin PBXSourcesBuildPhase section */
		20498A082220378800DB4D71 /* Sources */ = {
			isa = PBXSourcesBuildPhase;
			buildActionMask = 2147483647;
			files = (
				201E3D2E2223E37A001EE246 /* Shared.swift in Sources */,
				20498A292220388800DB4D71 /* App.swift in Sources */,
				20498A3022203C8C00DB4D71 /* Storage.swift in Sources */,
				201E3D342223F0AB001EE246 /* Link.swift in Sources */,
				20C6222E22267FCB00BDC6C1 /* Settings.swift in Sources */,
				201E3D272223D342001EE246 /* Side.swift in Sources */,
				20B2F4F6222420840043D283 /* Document.swift in Sources */,
				2097FCC0222199A500C2FC5E /* Ruler.swift in Sources */,
				20498A3222203C9F00DB4D71 /* Layout.swift in Sources */,
				201E3D292223E290001EE246 /* Label.swift in Sources */,
				2005542A2222A84E00DCFA33 /* Scroll.swift in Sources */,
				20498A2E22203C6700DB4D71 /* Text.swift in Sources */,
				20498A2C22203C2500DB4D71 /* Extensions.swift in Sources */,
				201E3D322223E5FB001EE246 /* Button.swift in Sources */,
			);
			runOnlyForDeploymentPostprocessing = 0;
		};
		208CB0202224047300787DAA /* Sources */ = {
			isa = PBXSourcesBuildPhase;
			buildActionMask = 2147483647;
			files = (
				201B44DC2224092400BAB6E4 /* User.swift in Sources */,
				20B2F4F222240C110043D283 /* Storage.swift in Sources */,
				2078E78522252FDA0056C8D1 /* Document.swift in Sources */,
				2078E78B222539D20056C8D1 /* Md.swift in Sources */,
				2078E789222531910056C8D1 /* Directory.swift in Sources */,
				20C622302226929200BDC6C1 /* Folder.swift in Sources */,
			);
			runOnlyForDeploymentPostprocessing = 0;
		};
		208CB02E222404A700787DAA /* Sources */ = {
			isa = PBXSourcesBuildPhase;
			buildActionMask = 2147483647;
			files = (
				2078E787222530CE0056C8D1 /* TestDocument.swift in Sources */,
				208CB035222404A700787DAA /* TestUser.swift in Sources */,
				20B2F4F422240E1E0043D283 /* TestStorage.swift in Sources */,
			);
			runOnlyForDeploymentPostprocessing = 0;
		};
/* End PBXSourcesBuildPhase section */

/* Begin PBXTargetDependency section */
		208CB039222404A700787DAA /* PBXTargetDependency */ = {
			isa = PBXTargetDependency;
			target = 208CB0222224047300787DAA /* Library */;
			targetProxy = 208CB038222404A700787DAA /* PBXContainerItemProxy */;
		};
/* End PBXTargetDependency section */

/* Begin PBXVariantGroup section */
		201E3D2A2223E352001EE246 /* Localizable.strings */ = {
			isa = PBXVariantGroup;
			children = (
				201E3D2B2223E352001EE246 /* en */,
			);
			name = Localizable.strings;
			sourceTree = "<group>";
		};
/* End PBXVariantGroup section */

/* Begin XCBuildConfiguration section */
		20498A1A2220378A00DB4D71 /* Debug */ = {
			isa = XCBuildConfiguration;
			buildSettings = {
				ALWAYS_SEARCH_USER_PATHS = NO;
				CLANG_ANALYZER_NONNULL = YES;
				CLANG_ANALYZER_NUMBER_OBJECT_CONVERSION = YES_AGGRESSIVE;
				CLANG_CXX_LANGUAGE_STANDARD = "gnu++14";
				CLANG_CXX_LIBRARY = "libc++";
				CLANG_ENABLE_MODULES = YES;
				CLANG_ENABLE_OBJC_ARC = YES;
				CLANG_ENABLE_OBJC_WEAK = YES;
				CLANG_WARN_BLOCK_CAPTURE_AUTORELEASING = YES;
				CLANG_WARN_BOOL_CONVERSION = YES;
				CLANG_WARN_COMMA = YES;
				CLANG_WARN_CONSTANT_CONVERSION = YES;
				CLANG_WARN_DEPRECATED_OBJC_IMPLEMENTATIONS = YES;
				CLANG_WARN_DIRECT_OBJC_ISA_USAGE = YES_ERROR;
				CLANG_WARN_DOCUMENTATION_COMMENTS = YES;
				CLANG_WARN_EMPTY_BODY = YES;
				CLANG_WARN_ENUM_CONVERSION = YES;
				CLANG_WARN_INFINITE_RECURSION = YES;
				CLANG_WARN_INT_CONVERSION = YES;
				CLANG_WARN_NON_LITERAL_NULL_CONVERSION = YES;
				CLANG_WARN_OBJC_IMPLICIT_RETAIN_SELF = YES;
				CLANG_WARN_OBJC_LITERAL_CONVERSION = YES;
				CLANG_WARN_OBJC_ROOT_CLASS = YES_ERROR;
				CLANG_WARN_RANGE_LOOP_ANALYSIS = YES;
				CLANG_WARN_STRICT_PROTOTYPES = YES;
				CLANG_WARN_SUSPICIOUS_MOVE = YES;
				CLANG_WARN_UNGUARDED_AVAILABILITY = YES_AGGRESSIVE;
				CLANG_WARN_UNREACHABLE_CODE = YES;
				CLANG_WARN__DUPLICATE_METHOD_MATCH = YES;
				COPY_PHASE_STRIP = NO;
				DEBUG_INFORMATION_FORMAT = dwarf;
				ENABLE_STRICT_OBJC_MSGSEND = YES;
				ENABLE_TESTABILITY = YES;
				GCC_C_LANGUAGE_STANDARD = gnu11;
				GCC_DYNAMIC_NO_PIC = NO;
				GCC_NO_COMMON_BLOCKS = YES;
				GCC_OPTIMIZATION_LEVEL = 0;
				GCC_PREPROCESSOR_DEFINITIONS = (
					"DEBUG=1",
					"$(inherited)",
				);
				GCC_WARN_64_TO_32_BIT_CONVERSION = YES;
				GCC_WARN_ABOUT_RETURN_TYPE = YES_ERROR;
				GCC_WARN_UNDECLARED_SELECTOR = YES;
				GCC_WARN_UNINITIALIZED_AUTOS = YES_AGGRESSIVE;
				GCC_WARN_UNUSED_FUNCTION = YES;
				GCC_WARN_UNUSED_VARIABLE = YES;
				MACOSX_DEPLOYMENT_TARGET = 10.11;
				MTL_ENABLE_DEBUG_INFO = INCLUDE_SOURCE;
				MTL_FAST_MATH = YES;
				ONLY_ACTIVE_ARCH = YES;
				SDKROOT = macosx;
				SWIFT_ACTIVE_COMPILATION_CONDITIONS = DEBUG;
				SWIFT_INSTALL_OBJC_HEADER = NO;
				SWIFT_OPTIMIZATION_LEVEL = "-Onone";
				SWIFT_VERSION = 4.2;
			};
			name = Debug;
		};
		20498A1B2220378A00DB4D71 /* Release */ = {
			isa = XCBuildConfiguration;
			buildSettings = {
				ALWAYS_SEARCH_USER_PATHS = NO;
				CLANG_ANALYZER_NONNULL = YES;
				CLANG_ANALYZER_NUMBER_OBJECT_CONVERSION = YES_AGGRESSIVE;
				CLANG_CXX_LANGUAGE_STANDARD = "gnu++14";
				CLANG_CXX_LIBRARY = "libc++";
				CLANG_ENABLE_MODULES = YES;
				CLANG_ENABLE_OBJC_ARC = YES;
				CLANG_ENABLE_OBJC_WEAK = YES;
				CLANG_WARN_BLOCK_CAPTURE_AUTORELEASING = YES;
				CLANG_WARN_BOOL_CONVERSION = YES;
				CLANG_WARN_COMMA = YES;
				CLANG_WARN_CONSTANT_CONVERSION = YES;
				CLANG_WARN_DEPRECATED_OBJC_IMPLEMENTATIONS = YES;
				CLANG_WARN_DIRECT_OBJC_ISA_USAGE = YES_ERROR;
				CLANG_WARN_DOCUMENTATION_COMMENTS = YES;
				CLANG_WARN_EMPTY_BODY = YES;
				CLANG_WARN_ENUM_CONVERSION = YES;
				CLANG_WARN_INFINITE_RECURSION = YES;
				CLANG_WARN_INT_CONVERSION = YES;
				CLANG_WARN_NON_LITERAL_NULL_CONVERSION = YES;
				CLANG_WARN_OBJC_IMPLICIT_RETAIN_SELF = YES;
				CLANG_WARN_OBJC_LITERAL_CONVERSION = YES;
				CLANG_WARN_OBJC_ROOT_CLASS = YES_ERROR;
				CLANG_WARN_RANGE_LOOP_ANALYSIS = YES;
				CLANG_WARN_STRICT_PROTOTYPES = YES;
				CLANG_WARN_SUSPICIOUS_MOVE = YES;
				CLANG_WARN_UNGUARDED_AVAILABILITY = YES_AGGRESSIVE;
				CLANG_WARN_UNREACHABLE_CODE = YES;
				CLANG_WARN__DUPLICATE_METHOD_MATCH = YES;
				COPY_PHASE_STRIP = NO;
				DEBUG_INFORMATION_FORMAT = dwarf;
				ENABLE_NS_ASSERTIONS = NO;
				ENABLE_STRICT_OBJC_MSGSEND = YES;
				GCC_C_LANGUAGE_STANDARD = gnu11;
				GCC_NO_COMMON_BLOCKS = YES;
				GCC_WARN_64_TO_32_BIT_CONVERSION = YES;
				GCC_WARN_ABOUT_RETURN_TYPE = YES_ERROR;
				GCC_WARN_UNDECLARED_SELECTOR = YES;
				GCC_WARN_UNINITIALIZED_AUTOS = YES_AGGRESSIVE;
				GCC_WARN_UNUSED_FUNCTION = YES;
				GCC_WARN_UNUSED_VARIABLE = YES;
				MACOSX_DEPLOYMENT_TARGET = 10.11;
				MTL_ENABLE_DEBUG_INFO = NO;
				MTL_FAST_MATH = YES;
				SDKROOT = macosx;
				SWIFT_COMPILATION_MODE = wholemodule;
				SWIFT_INSTALL_OBJC_HEADER = NO;
				SWIFT_OPTIMIZATION_LEVEL = "-Osize";
				SWIFT_VERSION = 4.2;
			};
			name = Release;
		};
		20498A1D2220378A00DB4D71 /* Debug */ = {
			isa = XCBuildConfiguration;
			buildSettings = {
				CODE_SIGN_ENTITLEMENTS = Mac/Mac.entitlements;
				CODE_SIGN_IDENTITY = "Mac Developer";
				CODE_SIGN_STYLE = Automatic;
				COMBINE_HIDPI_IMAGES = YES;
				DEVELOPMENT_TEAM = 7AMWG3RLHN;
				INFOPLIST_FILE = Mac/Mac.plist;
				LD_RUNPATH_SEARCH_PATHS = (
					"$(inherited)",
					"@executable_path/../Frameworks",
				);
				PRODUCT_BUNDLE_IDENTIFIER = TCR.Mac;
				PRODUCT_MODULE_NAME = "$(PRODUCT_NAME:c99extidentifier)App";
				PRODUCT_NAME = TCR;
				PROVISIONING_PROFILE_SPECIFIER = "";
			};
			name = Debug;
		};
		20498A1E2220378A00DB4D71 /* Release */ = {
			isa = XCBuildConfiguration;
			buildSettings = {
				CODE_SIGN_ENTITLEMENTS = Mac/Mac.entitlements;
				CODE_SIGN_IDENTITY = "Mac Developer";
				CODE_SIGN_STYLE = Automatic;
				COMBINE_HIDPI_IMAGES = YES;
				DEVELOPMENT_TEAM = 7AMWG3RLHN;
				INFOPLIST_FILE = Mac/Mac.plist;
				LD_RUNPATH_SEARCH_PATHS = (
					"$(inherited)",
					"@executable_path/../Frameworks",
				);
				PRODUCT_BUNDLE_IDENTIFIER = TCR.Mac;
				PRODUCT_MODULE_NAME = "$(PRODUCT_NAME:c99extidentifier)App";
				PRODUCT_NAME = TCR;
				PROVISIONING_PROFILE_SPECIFIER = "";
			};
			name = Release;
		};
		208CB02A2224047300787DAA /* Debug */ = {
			isa = XCBuildConfiguration;
			buildSettings = {
				CODE_SIGN_IDENTITY = "Mac Developer";
				CODE_SIGN_STYLE = Automatic;
				DEVELOPMENT_TEAM = 7AMWG3RLHN;
				EXECUTABLE_PREFIX = lib;
				LD_RUNPATH_SEARCH_PATHS = (
					"$(inherited)",
					"@executable_path/../Frameworks",
					"@loader_path/../Frameworks",
				);
				PRODUCT_MODULE_NAME = TCR;
				PRODUCT_NAME = Library;
				SKIP_INSTALL = YES;
			};
			name = Debug;
		};
		208CB02B2224047300787DAA /* Release */ = {
			isa = XCBuildConfiguration;
			buildSettings = {
				CODE_SIGN_IDENTITY = "Mac Developer";
				CODE_SIGN_STYLE = Automatic;
				DEVELOPMENT_TEAM = 7AMWG3RLHN;
				EXECUTABLE_PREFIX = lib;
				LD_RUNPATH_SEARCH_PATHS = (
					"$(inherited)",
					"@executable_path/../Frameworks",
					"@loader_path/../Frameworks",
				);
				PRODUCT_MODULE_NAME = TCR;
				PRODUCT_NAME = Library;
				SKIP_INSTALL = YES;
			};
			name = Release;
		};
		208CB03B222404A700787DAA /* Debug */ = {
			isa = XCBuildConfiguration;
			buildSettings = {
				CODE_SIGN_IDENTITY = "Mac Developer";
				CODE_SIGN_STYLE = Automatic;
				COMBINE_HIDPI_IMAGES = YES;
				DEVELOPMENT_TEAM = 7AMWG3RLHN;
				INFOPLIST_FILE = Tests/Tests.plist;
				LD_RUNPATH_SEARCH_PATHS = (
					"$(inherited)",
					"@executable_path/../Frameworks",
					"@loader_path/../Frameworks",
				);
				PRODUCT_BUNDLE_IDENTIFIER = TCR.Tests;
				PRODUCT_NAME = "$(TARGET_NAME)";
			};
			name = Debug;
		};
		208CB03C222404A700787DAA /* Release */ = {
			isa = XCBuildConfiguration;
			buildSettings = {
				CODE_SIGN_IDENTITY = "Mac Developer";
				CODE_SIGN_STYLE = Automatic;
				COMBINE_HIDPI_IMAGES = YES;
				DEVELOPMENT_TEAM = 7AMWG3RLHN;
				INFOPLIST_FILE = Tests/Tests.plist;
				LD_RUNPATH_SEARCH_PATHS = (
					"$(inherited)",
					"@executable_path/../Frameworks",
					"@loader_path/../Frameworks",
				);
				PRODUCT_BUNDLE_IDENTIFIER = TCR.Tests;
				PRODUCT_NAME = "$(TARGET_NAME)";
			};
			name = Release;
		};
/* End XCBuildConfiguration section */

/* Begin XCConfigurationList section */
		20498A072220378800DB4D71 /* Build configuration list for PBXProject "TCR" */ = {
			isa = XCConfigurationList;
			buildConfigurations = (
				20498A1A2220378A00DB4D71 /* Debug */,
				20498A1B2220378A00DB4D71 /* Release */,
			);
			defaultConfigurationIsVisible = 0;
			defaultConfigurationName = Release;
		};
		20498A1C2220378A00DB4D71 /* Build configuration list for PBXNativeTarget "TCR" */ = {
			isa = XCConfigurationList;
			buildConfigurations = (
				20498A1D2220378A00DB4D71 /* Debug */,
				20498A1E2220378A00DB4D71 /* Release */,
			);
			defaultConfigurationIsVisible = 0;
			defaultConfigurationName = Release;
		};
		208CB0292224047300787DAA /* Build configuration list for PBXNativeTarget "Library" */ = {
			isa = XCConfigurationList;
			buildConfigurations = (
				208CB02A2224047300787DAA /* Debug */,
				208CB02B2224047300787DAA /* Release */,
			);
			defaultConfigurationIsVisible = 0;
			defaultConfigurationName = Release;
		};
		208CB03A222404A700787DAA /* Build configuration list for PBXNativeTarget "Tests" */ = {
			isa = XCConfigurationList;
			buildConfigurations = (
				208CB03B222404A700787DAA /* Debug */,
				208CB03C222404A700787DAA /* Release */,
			);
			defaultConfigurationIsVisible = 0;
			defaultConfigurationName = Release;
		};
/* End XCConfigurationList section */
	};
	rootObject = 20498A042220378800DB4D71 /* Project object */;
}
