// !$*UTF8*$!
{
	archiveVersion = 1;
	classes = {
	};
	objectVersion = 50;
	objects = {

/* Begin PBXBuildFile section */
		20498A272220388800DB4D71 /* Mac.storyboard in Resources */ = {isa = PBXBuildFile; fileRef = 20498A242220388800DB4D71 /* Mac.storyboard */; };
		20498A292220388800DB4D71 /* App.swift in Sources */ = {isa = PBXBuildFile; fileRef = 20498A262220388800DB4D71 /* App.swift */; };
		20498A2C22203C2500DB4D71 /* Extensions.swift in Sources */ = {isa = PBXBuildFile; fileRef = 20498A2B22203C2500DB4D71 /* Extensions.swift */; };
		20498A2E22203C6700DB4D71 /* Text.swift in Sources */ = {isa = PBXBuildFile; fileRef = 20498A2D22203C6700DB4D71 /* Text.swift */; };
		20498A3022203C8C00DB4D71 /* Storage.swift in Sources */ = {isa = PBXBuildFile; fileRef = 20498A2F22203C8C00DB4D71 /* Storage.swift */; };
		20498A3222203C9F00DB4D71 /* Layout.swift in Sources */ = {isa = PBXBuildFile; fileRef = 20498A3122203C9F00DB4D71 /* Layout.swift */; };
		20498A3622203CCE00DB4D71 /* SFMono-Light.otf in Resources */ = {isa = PBXBuildFile; fileRef = 20498A3422203CCE00DB4D71 /* SFMono-Light.otf */; };
		20498A3722203CCE00DB4D71 /* SFMono-Bold.otf in Resources */ = {isa = PBXBuildFile; fileRef = 20498A3522203CCE00DB4D71 /* SFMono-Bold.otf */; };
		2097FCC0222199A500C2FC5E /* Ruler.swift in Sources */ = {isa = PBXBuildFile; fileRef = 2097FCBF222199A500C2FC5E /* Ruler.swift */; };
/* End PBXBuildFile section */

/* Begin PBXFileReference section */
		20498A1F2220387400DB4D71 /* README.md */ = {isa = PBXFileReference; lastKnownFileType = net.daringfireball.markdown; path = README.md; sourceTree = "<group>"; };
		20498A202220387400DB4D71 /* LICENSE */ = {isa = PBXFileReference; lastKnownFileType = text; path = LICENSE; sourceTree = "<group>"; };
		20498A212220387400DB4D71 /* .gitignore */ = {isa = PBXFileReference; lastKnownFileType = text; path = .gitignore; sourceTree = "<group>"; };
		20498A232220388800DB4D71 /* Mac.entitlements */ = {isa = PBXFileReference; fileEncoding = 4; lastKnownFileType = text.plist.entitlements; path = Mac.entitlements; sourceTree = "<group>"; };
		20498A242220388800DB4D71 /* Mac.storyboard */ = {isa = PBXFileReference; fileEncoding = 4; lastKnownFileType = file.storyboard; path = Mac.storyboard; sourceTree = "<group>"; };
		20498A252220388800DB4D71 /* Mac.plist */ = {isa = PBXFileReference; fileEncoding = 4; lastKnownFileType = text.plist.xml; path = Mac.plist; sourceTree = "<group>"; };
		20498A262220388800DB4D71 /* App.swift */ = {isa = PBXFileReference; fileEncoding = 4; lastKnownFileType = sourcecode.swift; path = App.swift; sourceTree = "<group>"; };
		20498A2A2220389500DB4D71 /* TCR.app */ = {isa = PBXFileReference; explicitFileType = wrapper.application; includeInIndex = 0; path = TCR.app; sourceTree = BUILT_PRODUCTS_DIR; };
		20498A2B22203C2500DB4D71 /* Extensions.swift */ = {isa = PBXFileReference; lastKnownFileType = sourcecode.swift; path = Extensions.swift; sourceTree = "<group>"; };
		20498A2D22203C6700DB4D71 /* Text.swift */ = {isa = PBXFileReference; lastKnownFileType = sourcecode.swift; path = Text.swift; sourceTree = "<group>"; };
		20498A2F22203C8C00DB4D71 /* Storage.swift */ = {isa = PBXFileReference; lastKnownFileType = sourcecode.swift; path = Storage.swift; sourceTree = "<group>"; };
		20498A3122203C9F00DB4D71 /* Layout.swift */ = {isa = PBXFileReference; lastKnownFileType = sourcecode.swift; path = Layout.swift; sourceTree = "<group>"; };
		20498A3422203CCE00DB4D71 /* SFMono-Light.otf */ = {isa = PBXFileReference; lastKnownFileType = file; path = "SFMono-Light.otf"; sourceTree = "<group>"; };
		20498A3522203CCE00DB4D71 /* SFMono-Bold.otf */ = {isa = PBXFileReference; lastKnownFileType = file; path = "SFMono-Bold.otf"; sourceTree = "<group>"; };
		2097FCBF222199A500C2FC5E /* Ruler.swift */ = {isa = PBXFileReference; lastKnownFileType = sourcecode.swift; path = Ruler.swift; sourceTree = "<group>"; };
/* End PBXFileReference section */

/* Begin PBXFrameworksBuildPhase section */
		20498A092220378800DB4D71 /* Frameworks */ = {
			isa = PBXFrameworksBuildPhase;
			buildActionMask = 2147483647;
			files = (
			);
			runOnlyForDeploymentPostprocessing = 0;
		};
/* End PBXFrameworksBuildPhase section */

/* Begin PBXGroup section */
		20498A032220378800DB4D71 = {
			isa = PBXGroup;
			children = (
				20498A212220387400DB4D71 /* .gitignore */,
				20498A202220387400DB4D71 /* LICENSE */,
				20498A2A2220389500DB4D71 /* TCR.app */,
				20498A1F2220387400DB4D71 /* README.md */,
				20498A222220388800DB4D71 /* Mac */,
				20498A3322203CCE00DB4D71 /* Shared */,
			);
			sourceTree = "<group>";
		};
		20498A222220388800DB4D71 /* Mac */ = {
			isa = PBXGroup;
			children = (
				20498A232220388800DB4D71 /* Mac.entitlements */,
				20498A252220388800DB4D71 /* Mac.plist */,
				20498A242220388800DB4D71 /* Mac.storyboard */,
				20498A262220388800DB4D71 /* App.swift */,
				20498A2B22203C2500DB4D71 /* Extensions.swift */,
				20498A3122203C9F00DB4D71 /* Layout.swift */,
				20498A2F22203C8C00DB4D71 /* Storage.swift */,
				20498A2D22203C6700DB4D71 /* Text.swift */,
				2097FCBF222199A500C2FC5E /* Ruler.swift */,
			);
			path = Mac;
			sourceTree = "<group>";
		};
		20498A3322203CCE00DB4D71 /* Shared */ = {
			isa = PBXGroup;
			children = (
				20498A3522203CCE00DB4D71 /* SFMono-Bold.otf */,
				20498A3422203CCE00DB4D71 /* SFMono-Light.otf */,
			);
			path = Shared;
			sourceTree = "<group>";
		};
/* End PBXGroup section */

/* Begin PBXNativeTarget section */
		20498A0B2220378800DB4D71 /* TCR */ = {
			isa = PBXNativeTarget;
			buildConfigurationList = 20498A1C2220378A00DB4D71 /* Build configuration list for PBXNativeTarget "TCR" */;
			buildPhases = (
				20498A082220378800DB4D71 /* Sources */,
				20498A092220378800DB4D71 /* Frameworks */,
				20498A0A2220378800DB4D71 /* Resources */,
			);
			buildRules = (
			);
			dependencies = (
			);
			name = TCR;
			productName = TCR;
			productReference = 20498A2A2220389500DB4D71 /* TCR.app */;
			productType = "com.apple.product-type.application";
		};
/* End PBXNativeTarget section */

/* Begin PBXProject section */
		20498A042220378800DB4D71 /* Project object */ = {
			isa = PBXProject;
			attributes = {
				LastSwiftUpdateCheck = 1010;
				LastUpgradeCheck = 1010;
				ORGANIZATIONNAME = TCR;
				TargetAttributes = {
					20498A0B2220378800DB4D71 = {
						CreatedOnToolsVersion = 10.1;
					};
				};
			};
			buildConfigurationList = 20498A072220378800DB4D71 /* Build configuration list for PBXProject "TCR" */;
			compatibilityVersion = "Xcode 9.3";
			developmentRegion = en;
			hasScannedForEncodings = 0;
			knownRegions = (
				en,
			);
			mainGroup = 20498A032220378800DB4D71;
			productRefGroup = 20498A032220378800DB4D71;
			projectDirPath = "";
			projectRoot = "";
			targets = (
				20498A0B2220378800DB4D71 /* TCR */,
			);
		};
/* End PBXProject section */

/* Begin PBXResourcesBuildPhase section */
		20498A0A2220378800DB4D71 /* Resources */ = {
			isa = PBXResourcesBuildPhase;
			buildActionMask = 2147483647;
			files = (
				20498A3622203CCE00DB4D71 /* SFMono-Light.otf in Resources */,
				20498A272220388800DB4D71 /* Mac.storyboard in Resources */,
				20498A3722203CCE00DB4D71 /* SFMono-Bold.otf in Resources */,
			);
			runOnlyForDeploymentPostprocessing = 0;
		};
/* End PBXResourcesBuildPhase section */

/* Begin PBXSourcesBuildPhase section */
		20498A082220378800DB4D71 /* Sources */ = {
			isa = PBXSourcesBuildPhase;
			buildActionMask = 2147483647;
			files = (
				20498A292220388800DB4D71 /* App.swift in Sources */,
				20498A3022203C8C00DB4D71 /* Storage.swift in Sources */,
				2097FCC0222199A500C2FC5E /* Ruler.swift in Sources */,
				20498A3222203C9F00DB4D71 /* Layout.swift in Sources */,
				20498A2E22203C6700DB4D71 /* Text.swift in Sources */,
				20498A2C22203C2500DB4D71 /* Extensions.swift in Sources */,
			);
			runOnlyForDeploymentPostprocessing = 0;
		};
/* End PBXSourcesBuildPhase section */

/* Begin XCBuildConfiguration section */
		20498A1A2220378A00DB4D71 /* Debug */ = {
			isa = XCBuildConfiguration;
			buildSettings = {
				ALWAYS_SEARCH_USER_PATHS = NO;
				CLANG_ANALYZER_NONNULL = YES;
				CLANG_ANALYZER_NUMBER_OBJECT_CONVERSION = YES_AGGRESSIVE;
				CLANG_CXX_LANGUAGE_STANDARD = "gnu++14";
				CLANG_CXX_LIBRARY = "libc++";
				CLANG_ENABLE_MODULES = YES;
				CLANG_ENABLE_OBJC_ARC = YES;
				CLANG_ENABLE_OBJC_WEAK = YES;
				CLANG_WARN_BLOCK_CAPTURE_AUTORELEASING = YES;
				CLANG_WARN_BOOL_CONVERSION = YES;
				CLANG_WARN_COMMA = YES;
				CLANG_WARN_CONSTANT_CONVERSION = YES;
				CLANG_WARN_DEPRECATED_OBJC_IMPLEMENTATIONS = YES;
				CLANG_WARN_DIRECT_OBJC_ISA_USAGE = YES_ERROR;
				CLANG_WARN_DOCUMENTATION_COMMENTS = YES;
				CLANG_WARN_EMPTY_BODY = YES;
				CLANG_WARN_ENUM_CONVERSION = YES;
				CLANG_WARN_INFINITE_RECURSION = YES;
				CLANG_WARN_INT_CONVERSION = YES;
				CLANG_WARN_NON_LITERAL_NULL_CONVERSION = YES;
				CLANG_WARN_OBJC_IMPLICIT_RETAIN_SELF = YES;
				CLANG_WARN_OBJC_LITERAL_CONVERSION = YES;
				CLANG_WARN_OBJC_ROOT_CLASS = YES_ERROR;
				CLANG_WARN_RANGE_LOOP_ANALYSIS = YES;
				CLANG_WARN_STRICT_PROTOTYPES = YES;
				CLANG_WARN_SUSPICIOUS_MOVE = YES;
				CLANG_WARN_UNGUARDED_AVAILABILITY = YES_AGGRESSIVE;
				CLANG_WARN_UNREACHABLE_CODE = YES;
				CLANG_WARN__DUPLICATE_METHOD_MATCH = YES;
				CODE_SIGN_IDENTITY = "Mac Developer";
				COPY_PHASE_STRIP = NO;
				DEBUG_INFORMATION_FORMAT = dwarf;
				ENABLE_STRICT_OBJC_MSGSEND = YES;
				ENABLE_TESTABILITY = YES;
				GCC_C_LANGUAGE_STANDARD = gnu11;
				GCC_DYNAMIC_NO_PIC = NO;
				GCC_NO_COMMON_BLOCKS = YES;
				GCC_OPTIMIZATION_LEVEL = 0;
				GCC_PREPROCESSOR_DEFINITIONS = (
					"DEBUG=1",
					"$(inherited)",
				);
				GCC_WARN_64_TO_32_BIT_CONVERSION = YES;
				GCC_WARN_ABOUT_RETURN_TYPE = YES_ERROR;
				GCC_WARN_UNDECLARED_SELECTOR = YES;
				GCC_WARN_UNINITIALIZED_AUTOS = YES_AGGRESSIVE;
				GCC_WARN_UNUSED_FUNCTION = YES;
				GCC_WARN_UNUSED_VARIABLE = YES;
				MACOSX_DEPLOYMENT_TARGET = 10.11;
				MTL_ENABLE_DEBUG_INFO = INCLUDE_SOURCE;
				MTL_FAST_MATH = YES;
				ONLY_ACTIVE_ARCH = YES;
				SDKROOT = macosx;
				SWIFT_ACTIVE_COMPILATION_CONDITIONS = DEBUG;
				SWIFT_INSTALL_OBJC_HEADER = NO;
				SWIFT_OPTIMIZATION_LEVEL = "-Onone";
				SWIFT_VERSION = 4.2;
			};
			name = Debug;
		};
		20498A1B2220378A00DB4D71 /* Release */ = {
			isa = XCBuildConfiguration;
			buildSettings = {
				ALWAYS_SEARCH_USER_PATHS = NO;
				CLANG_ANALYZER_NONNULL = YES;
				CLANG_ANALYZER_NUMBER_OBJECT_CONVERSION = YES_AGGRESSIVE;
				CLANG_CXX_LANGUAGE_STANDARD = "gnu++14";
				CLANG_CXX_LIBRARY = "libc++";
				CLANG_ENABLE_MODULES = YES;
				CLANG_ENABLE_OBJC_ARC = YES;
				CLANG_ENABLE_OBJC_WEAK = YES;
				CLANG_WARN_BLOCK_CAPTURE_AUTORELEASING = YES;
				CLANG_WARN_BOOL_CONVERSION = YES;
				CLANG_WARN_COMMA = YES;
				CLANG_WARN_CONSTANT_CONVERSION = YES;
				CLANG_WARN_DEPRECATED_OBJC_IMPLEMENTATIONS = YES;
				CLANG_WARN_DIRECT_OBJC_ISA_USAGE = YES_ERROR;
				CLANG_WARN_DOCUMENTATION_COMMENTS = YES;
				CLANG_WARN_EMPTY_BODY = YES;
				CLANG_WARN_ENUM_CONVERSION = YES;
				CLANG_WARN_INFINITE_RECURSION = YES;
				CLANG_WARN_INT_CONVERSION = YES;
				CLANG_WARN_NON_LITERAL_NULL_CONVERSION = YES;
				CLANG_WARN_OBJC_IMPLICIT_RETAIN_SELF = YES;
				CLANG_WARN_OBJC_LITERAL_CONVERSION = YES;
				CLANG_WARN_OBJC_ROOT_CLASS = YES_ERROR;
				CLANG_WARN_RANGE_LOOP_ANALYSIS = YES;
				CLANG_WARN_STRICT_PROTOTYPES = YES;
				CLANG_WARN_SUSPICIOUS_MOVE = YES;
				CLANG_WARN_UNGUARDED_AVAILABILITY = YES_AGGRESSIVE;
				CLANG_WARN_UNREACHABLE_CODE = YES;
				CLANG_WARN__DUPLICATE_METHOD_MATCH = YES;
				CODE_SIGN_IDENTITY = "Mac Developer";
				COPY_PHASE_STRIP = NO;
				DEBUG_INFORMATION_FORMAT = dwarf;
				ENABLE_NS_ASSERTIONS = NO;
				ENABLE_STRICT_OBJC_MSGSEND = YES;
				GCC_C_LANGUAGE_STANDARD = gnu11;
				GCC_NO_COMMON_BLOCKS = YES;
				GCC_WARN_64_TO_32_BIT_CONVERSION = YES;
				GCC_WARN_ABOUT_RETURN_TYPE = YES_ERROR;
				GCC_WARN_UNDECLARED_SELECTOR = YES;
				GCC_WARN_UNINITIALIZED_AUTOS = YES_AGGRESSIVE;
				GCC_WARN_UNUSED_FUNCTION = YES;
				GCC_WARN_UNUSED_VARIABLE = YES;
				MACOSX_DEPLOYMENT_TARGET = 10.11;
				MTL_ENABLE_DEBUG_INFO = NO;
				MTL_FAST_MATH = YES;
				SDKROOT = macosx;
				SWIFT_COMPILATION_MODE = wholemodule;
				SWIFT_INSTALL_OBJC_HEADER = NO;
				SWIFT_OPTIMIZATION_LEVEL = "-Osize";
				SWIFT_VERSION = 4.2;
			};
			name = Release;
		};
		20498A1D2220378A00DB4D71 /* Debug */ = {
			isa = XCBuildConfiguration;
			buildSettings = {
				CODE_SIGN_ENTITLEMENTS = Mac/Mac.entitlements;
				CODE_SIGN_IDENTITY = "Mac Developer";
				CODE_SIGN_STYLE = Automatic;
				COMBINE_HIDPI_IMAGES = YES;
				DEVELOPMENT_TEAM = 7AMWG3RLHN;
				INFOPLIST_FILE = Mac/Mac.plist;
				LD_RUNPATH_SEARCH_PATHS = (
					"$(inherited)",
					"@executable_path/../Frameworks",
				);
				PRODUCT_BUNDLE_IDENTIFIER = TCR.Mac;
				PRODUCT_NAME = "$(TARGET_NAME)";
				PROVISIONING_PROFILE_SPECIFIER = "";
			};
			name = Debug;
		};
		20498A1E2220378A00DB4D71 /* Release */ = {
			isa = XCBuildConfiguration;
			buildSettings = {
				CODE_SIGN_ENTITLEMENTS = Mac/Mac.entitlements;
				CODE_SIGN_IDENTITY = "Mac Developer";
				CODE_SIGN_STYLE = Automatic;
				COMBINE_HIDPI_IMAGES = YES;
				DEVELOPMENT_TEAM = 7AMWG3RLHN;
				INFOPLIST_FILE = Mac/Mac.plist;
				LD_RUNPATH_SEARCH_PATHS = (
					"$(inherited)",
					"@executable_path/../Frameworks",
				);
				PRODUCT_BUNDLE_IDENTIFIER = TCR.Mac;
				PRODUCT_NAME = "$(TARGET_NAME)";
				PROVISIONING_PROFILE_SPECIFIER = "";
			};
			name = Release;
		};
/* End XCBuildConfiguration section */

/* Begin XCConfigurationList section */
		20498A072220378800DB4D71 /* Build configuration list for PBXProject "TCR" */ = {
			isa = XCConfigurationList;
			buildConfigurations = (
				20498A1A2220378A00DB4D71 /* Debug */,
				20498A1B2220378A00DB4D71 /* Release */,
			);
			defaultConfigurationIsVisible = 0;
			defaultConfigurationName = Release;
		};
		20498A1C2220378A00DB4D71 /* Build configuration list for PBXNativeTarget "TCR" */ = {
			isa = XCConfigurationList;
			buildConfigurations = (
				20498A1D2220378A00DB4D71 /* Debug */,
				20498A1E2220378A00DB4D71 /* Release */,
			);
			defaultConfigurationIsVisible = 0;
			defaultConfigurationName = Release;
		};
/* End XCConfigurationList section */
	};
	rootObject = 20498A042220378800DB4D71 /* Project object */;
}
